Microsoft Visual Studio Solution File, Format Version 11.00
# Visual Studio 2008

Project("{C6467928-C965-DA41-834E-6587E3C6120E}") = "KaijuGame", "Assembly-CSharp-firstpass.csproj", "{38744D31-863D-46C0-AF41-F536746B454B}"
EndProject
Project("{C6467928-C965-DA41-834E-6587E3C6120E}") = "KaijuGame", "Assembly-CSharp.csproj", "{31F1E5A9-776A-9F3B-7441-E73D3ED1CC6C}"
EndProject
Project("{C6467928-C965-DA41-834E-6587E3C6120E}") = "KaijuGame", "Assembly-CSharp-Editor.csproj", "{FAF77C5A-81BC-534B-22E9-3DE75ACB5B73}"
EndProject
Project("{C6467928-C965-DA41-834E-6587E3C6120E}") = "KaijuGame", "Assembly-UnityScript.unityproj", "{698BDCBA-2868-F627-8E2C-06A4562CC1C8}"
EndProject
Global
	GlobalSection(SolutionConfigurationPlatforms) = preSolution
		Debug|Any CPU = Debug|Any CPU
		Release|Any CPU = Release|Any CPU
	EndGlobalSection
	GlobalSection(ProjectConfigurationPlatforms) = postSolution
		{38744D31-863D-46C0-AF41-F536746B454B}.Debug|Any CPU.ActiveCfg = Debug|Any CPU
		{38744D31-863D-46C0-AF41-F536746B454B}.Debug|Any CPU.Build.0 = Debug|Any CPU
		{38744D31-863D-46C0-AF41-F536746B454B}.Release|Any CPU.ActiveCfg = Release|Any CPU
		{38744D31-863D-46C0-AF41-F536746B454B}.Release|Any CPU.Build.0 = Release|Any CPU
		{31F1E5A9-776A-9F3B-7441-E73D3ED1CC6C}.Debug|Any CPU.ActiveCfg = Debug|Any CPU
		{31F1E5A9-776A-9F3B-7441-E73D3ED1CC6C}.Debug|Any CPU.Build.0 = Debug|Any CPU
		{31F1E5A9-776A-9F3B-7441-E73D3ED1CC6C}.Release|Any CPU.ActiveCfg = Release|Any CPU
		{31F1E5A9-776A-9F3B-7441-E73D3ED1CC6C}.Release|Any CPU.Build.0 = Release|Any CPU
		{FAF77C5A-81BC-534B-22E9-3DE75ACB5B73}.Debug|Any CPU.ActiveCfg = Debug|Any CPU
		{FAF77C5A-81BC-534B-22E9-3DE75ACB5B73}.Debug|Any CPU.Build.0 = Debug|Any CPU
		{FAF77C5A-81BC-534B-22E9-3DE75ACB5B73}.Release|Any CPU.ActiveCfg = Release|Any CPU
		{FAF77C5A-81BC-534B-22E9-3DE75ACB5B73}.Release|Any CPU.Build.0 = Release|Any CPU
		{698BDCBA-2868-F627-8E2C-06A4562CC1C8}.Debug|Any CPU.ActiveCfg = Debug|Any CPU
		{698BDCBA-2868-F627-8E2C-06A4562CC1C8}.Debug|Any CPU.Build.0 = Debug|Any CPU
		{698BDCBA-2868-F627-8E2C-06A4562CC1C8}.Release|Any CPU.ActiveCfg = Release|Any CPU
		{698BDCBA-2868-F627-8E2C-06A4562CC1C8}.Release|Any CPU.Build.0 = Release|Any CPU
	EndGlobalSection
	GlobalSection(SolutionProperties) = preSolution
		HideSolutionNode = FALSE
	EndGlobalSection
																																																																											GlobalSection(MonoDevelopProperties) = preSolution
		StartupItem = Assembly-CSharp.csproj
		Policies = $0
		$0.TextStylePolicy = $1
		$1.inheritsSet = null
		$1.scope = text/x-csharp
		$0.CSharpFormattingPolicy = $2
		$2.inheritsSet = Mono
		$2.inheritsScope = text/x-csharp
		$2.scope = text/x-csharp
		$0.TextStylePolicy = $3
		$3.FileWidth = 120
		$3.TabWidth = 4
		$3.IndentWidth = 4
		$3.EolMarker = Unix
		$3.inheritsSet = Mono
		$3.inheritsScope = text/plain
		$3.scope = text/plain
	EndGlobalSection

EndGlobal
